
Microsoft Visual Studio Solution File, Format Version 12.00
# Visual Studio Version 17
VisualStudioVersion = 17.3.32922.545
MinimumVisualStudioVersion = 10.0.40219.1
Project("{FAE04EC0-301F-11D3-BF4B-00C04F79EFBC}") = "CustomerOrderViewer2.0", "CustomerOrderViewer2.0\CustomerOrderViewer2.0.csproj", "{05FB327C-529B-480A-86BD-7210FB830201}"
EndProject
Global
	GlobalSection(SolutionConfigurationPlatforms) = preSolution
		Debug|Any CPU = Debug|Any CPU
		Release|Any CPU = Release|Any CPU
	EndGlobalSection
	GlobalSection(ProjectConfigurationPlatforms) = postSolution
		{05FB327C-529B-480A-86BD-7210FB830201}.Debug|Any CPU.ActiveCfg = Debug|Any CPU
		{05FB327C-529B-480A-86BD-7210FB830201}.Debug|Any CPU.Build.0 = Debug|Any CPU
		{05FB327C-529B-480A-86BD-7210FB830201}.Release|Any CPU.ActiveCfg = Release|Any CPU
		{05FB327C-529B-480A-86BD-7210FB830201}.Release|Any CPU.Build.0 = Release|Any CPU
	EndGlobalSection
	GlobalSection(SolutionProperties) = preSolution
		HideSolutionNode = FALSE
	EndGlobalSection
	GlobalSection(ExtensibilityGlobals) = postSolution
		SolutionGuid = {ABD00ED1-1D53-4D2E-BF3C-B243FA0D7D3D}
	EndGlobalSection
EndGlobal
